// !$*UTF8*$!
{
	archiveVersion = 1;
	classes = {
	};
	objectVersion = 55;
	objects = {

/* Begin PBXBuildFile section */
		F74D087728D832810031BF5D /* LongPressGestureBootcamp.swift in Sources */ = {isa = PBXBuildFile; fileRef = F74D087628D832810031BF5D /* LongPressGestureBootcamp.swift */; };
		F74D087828D832810031BF5D /* LongPressGestureBootcamp.swift in Sources */ = {isa = PBXBuildFile; fileRef = F74D087628D832810031BF5D /* LongPressGestureBootcamp.swift */; };
		F797E3ED28D8308900144F0B /* SwiftUI_SkillsApp.swift in Sources */ = {isa = PBXBuildFile; fileRef = F797E3DD28D8308800144F0B /* SwiftUI_SkillsApp.swift */; };
		F797E3EE28D8308900144F0B /* SwiftUI_SkillsApp.swift in Sources */ = {isa = PBXBuildFile; fileRef = F797E3DD28D8308800144F0B /* SwiftUI_SkillsApp.swift */; };
		F797E3EF28D8308900144F0B /* ContentView.swift in Sources */ = {isa = PBXBuildFile; fileRef = F797E3DE28D8308800144F0B /* ContentView.swift */; };
		F797E3F028D8308900144F0B /* ContentView.swift in Sources */ = {isa = PBXBuildFile; fileRef = F797E3DE28D8308800144F0B /* ContentView.swift */; };
		F797E3F128D8308900144F0B /* Assets.xcassets in Resources */ = {isa = PBXBuildFile; fileRef = F797E3DF28D8308900144F0B /* Assets.xcassets */; };
		F797E3F228D8308900144F0B /* Assets.xcassets in Resources */ = {isa = PBXBuildFile; fileRef = F797E3DF28D8308900144F0B /* Assets.xcassets */; };
		F7C9C6BC28F3F9F0008D76BB /* RotationGestureBootcamp.swift in Sources */ = {isa = PBXBuildFile; fileRef = F7C9C6BB28F3F9F0008D76BB /* RotationGestureBootcamp.swift */; };
		F7C9C6BD28F3F9F0008D76BB /* RotationGestureBootcamp.swift in Sources */ = {isa = PBXBuildFile; fileRef = F7C9C6BB28F3F9F0008D76BB /* RotationGestureBootcamp.swift */; };
		F7C9C6BF28F3FC2E008D76BB /* DragGestureBootcamp.swift in Sources */ = {isa = PBXBuildFile; fileRef = F7C9C6BE28F3FC2E008D76BB /* DragGestureBootcamp.swift */; };
		F7C9C6C028F3FC2E008D76BB /* DragGestureBootcamp.swift in Sources */ = {isa = PBXBuildFile; fileRef = F7C9C6BE28F3FC2E008D76BB /* DragGestureBootcamp.swift */; };
		F7C9C6C228F4099D008D76BB /* DragGestureBootcamp2.swift in Sources */ = {isa = PBXBuildFile; fileRef = F7C9C6C128F4099D008D76BB /* DragGestureBootcamp2.swift */; };
		F7C9C6C328F4099D008D76BB /* DragGestureBootcamp2.swift in Sources */ = {isa = PBXBuildFile; fileRef = F7C9C6C128F4099D008D76BB /* DragGestureBootcamp2.swift */; };
		F7C9C6C528F46ECB008D76BB /* ScrollViewReaderBootcamp.swift in Sources */ = {isa = PBXBuildFile; fileRef = F7C9C6C428F46ECB008D76BB /* ScrollViewReaderBootcamp.swift */; };
		F7C9C6C628F46ECB008D76BB /* ScrollViewReaderBootcamp.swift in Sources */ = {isa = PBXBuildFile; fileRef = F7C9C6C428F46ECB008D76BB /* ScrollViewReaderBootcamp.swift */; };
		F7D969B828F478C60073A9D7 /* GeometryReaderBootcamp.swift in Sources */ = {isa = PBXBuildFile; fileRef = F7D969B728F478C60073A9D7 /* GeometryReaderBootcamp.swift */; };
		F7D969B928F478C60073A9D7 /* GeometryReaderBootcamp.swift in Sources */ = {isa = PBXBuildFile; fileRef = F7D969B728F478C60073A9D7 /* GeometryReaderBootcamp.swift */; };
		F7D969BB28F4F22A0073A9D7 /* MultipleSheetBootcamp.swift in Sources */ = {isa = PBXBuildFile; fileRef = F7D969BA28F4F22A0073A9D7 /* MultipleSheetBootcamp.swift */; };
		F7D969BC28F4F22A0073A9D7 /* MultipleSheetBootcamp.swift in Sources */ = {isa = PBXBuildFile; fileRef = F7D969BA28F4F22A0073A9D7 /* MultipleSheetBootcamp.swift */; };
		F7D969C92900D9EC0073A9D7 /* Placeholder.swift in Sources */ = {isa = PBXBuildFile; fileRef = F7D969C82900D9EC0073A9D7 /* Placeholder.swift */; };
		F7D969CA2900D9EC0073A9D7 /* Placeholder.swift in Sources */ = {isa = PBXBuildFile; fileRef = F7D969C82900D9EC0073A9D7 /* Placeholder.swift */; };
		F7D969CC29036C010073A9D7 /* MaskBootcamp.swift in Sources */ = {isa = PBXBuildFile; fileRef = F7D969CB29036C010073A9D7 /* MaskBootcamp.swift */; };
		F7D969CD29036C010073A9D7 /* MaskBootcamp.swift in Sources */ = {isa = PBXBuildFile; fileRef = F7D969CB29036C010073A9D7 /* MaskBootcamp.swift */; };
		F7D969DF2903810E0073A9D7 /* HapticsBootcamp.swift in Sources */ = {isa = PBXBuildFile; fileRef = F7D969DE2903810E0073A9D7 /* HapticsBootcamp.swift */; };
		F7D969E02903810E0073A9D7 /* HapticsBootcamp.swift in Sources */ = {isa = PBXBuildFile; fileRef = F7D969DE2903810E0073A9D7 /* HapticsBootcamp.swift */; };
/* End PBXBuildFile section */

/* Begin PBXFileReference section */
		F74D087628D832810031BF5D /* LongPressGestureBootcamp.swift */ = {isa = PBXFileReference; lastKnownFileType = sourcecode.swift; path = LongPressGestureBootcamp.swift; sourceTree = "<group>"; };
		F797E3DD28D8308800144F0B /* SwiftUI_SkillsApp.swift */ = {isa = PBXFileReference; lastKnownFileType = sourcecode.swift; path = SwiftUI_SkillsApp.swift; sourceTree = "<group>"; };
		F797E3DE28D8308800144F0B /* ContentView.swift */ = {isa = PBXFileReference; lastKnownFileType = sourcecode.swift; path = ContentView.swift; sourceTree = "<group>"; };
		F797E3DF28D8308900144F0B /* Assets.xcassets */ = {isa = PBXFileReference; lastKnownFileType = folder.assetcatalog; path = Assets.xcassets; sourceTree = "<group>"; };
		F797E3E428D8308900144F0B /* SwiftUI-Skills.app */ = {isa = PBXFileReference; explicitFileType = wrapper.application; includeInIndex = 0; path = "SwiftUI-Skills.app"; sourceTree = BUILT_PRODUCTS_DIR; };
		F797E3EA28D8308900144F0B /* SwiftUI-Skills.app */ = {isa = PBXFileReference; explicitFileType = wrapper.application; includeInIndex = 0; path = "SwiftUI-Skills.app"; sourceTree = BUILT_PRODUCTS_DIR; };
		F797E3EC28D8308900144F0B /* macOS.entitlements */ = {isa = PBXFileReference; lastKnownFileType = text.plist.entitlements; path = macOS.entitlements; sourceTree = "<group>"; };
		F7C9C6BB28F3F9F0008D76BB /* RotationGestureBootcamp.swift */ = {isa = PBXFileReference; lastKnownFileType = sourcecode.swift; path = RotationGestureBootcamp.swift; sourceTree = "<group>"; };
		F7C9C6BE28F3FC2E008D76BB /* DragGestureBootcamp.swift */ = {isa = PBXFileReference; lastKnownFileType = sourcecode.swift; path = DragGestureBootcamp.swift; sourceTree = "<group>"; };
		F7C9C6C128F4099D008D76BB /* DragGestureBootcamp2.swift */ = {isa = PBXFileReference; lastKnownFileType = sourcecode.swift; path = DragGestureBootcamp2.swift; sourceTree = "<group>"; };
		F7C9C6C428F46ECB008D76BB /* ScrollViewReaderBootcamp.swift */ = {isa = PBXFileReference; lastKnownFileType = sourcecode.swift; path = ScrollViewReaderBootcamp.swift; sourceTree = "<group>"; };
		F7D969B728F478C60073A9D7 /* GeometryReaderBootcamp.swift */ = {isa = PBXFileReference; lastKnownFileType = sourcecode.swift; path = GeometryReaderBootcamp.swift; sourceTree = "<group>"; };
		F7D969BA28F4F22A0073A9D7 /* MultipleSheetBootcamp.swift */ = {isa = PBXFileReference; lastKnownFileType = sourcecode.swift; path = MultipleSheetBootcamp.swift; sourceTree = "<group>"; };
		F7D969C82900D9EC0073A9D7 /* Placeholder.swift */ = {isa = PBXFileReference; lastKnownFileType = sourcecode.swift; path = Placeholder.swift; sourceTree = "<group>"; };
		F7D969CB29036C010073A9D7 /* MaskBootcamp.swift */ = {isa = PBXFileReference; lastKnownFileType = sourcecode.swift; path = MaskBootcamp.swift; sourceTree = "<group>"; };
		F7D969DE2903810E0073A9D7 /* HapticsBootcamp.swift */ = {isa = PBXFileReference; lastKnownFileType = sourcecode.swift; path = HapticsBootcamp.swift; sourceTree = "<group>"; };
/* End PBXFileReference section */

/* Begin PBXFrameworksBuildPhase section */
		F797E3E128D8308900144F0B /* Frameworks */ = {
			isa = PBXFrameworksBuildPhase;
			buildActionMask = 2147483647;
			files = (
			);
			runOnlyForDeploymentPostprocessing = 0;
		};
		F797E3E728D8308900144F0B /* Frameworks */ = {
			isa = PBXFrameworksBuildPhase;
			buildActionMask = 2147483647;
			files = (
			);
			runOnlyForDeploymentPostprocessing = 0;
		};
/* End PBXFrameworksBuildPhase section */

/* Begin PBXGroup section */
		F797E3D728D8308800144F0B = {
			isa = PBXGroup;
			children = (
				F797E3DC28D8308800144F0B /* Shared */,
				F797E3EB28D8308900144F0B /* macOS */,
				F797E3E528D8308900144F0B /* Products */,
			);
			sourceTree = "<group>";
		};
		F797E3DC28D8308800144F0B /* Shared */ = {
			isa = PBXGroup;
			children = (
				F797E3DD28D8308800144F0B /* SwiftUI_SkillsApp.swift */,
				F797E3DE28D8308800144F0B /* ContentView.swift */,
				F74D087628D832810031BF5D /* LongPressGestureBootcamp.swift */,
				F7C9C6BB28F3F9F0008D76BB /* RotationGestureBootcamp.swift */,
				F7C9C6BE28F3FC2E008D76BB /* DragGestureBootcamp.swift */,
				F7C9C6C128F4099D008D76BB /* DragGestureBootcamp2.swift */,
				F7C9C6C428F46ECB008D76BB /* ScrollViewReaderBootcamp.swift */,
				F7D969CB29036C010073A9D7 /* MaskBootcamp.swift */,
				F7D969B728F478C60073A9D7 /* GeometryReaderBootcamp.swift */,
				F7D969BA28F4F22A0073A9D7 /* MultipleSheetBootcamp.swift */,
				F7D969DE2903810E0073A9D7 /* HapticsBootcamp.swift */,
				F797E3DF28D8308900144F0B /* Assets.xcassets */,
				F7D969C82900D9EC0073A9D7 /* Placeholder.swift */,
			);
			path = Shared;
			sourceTree = "<group>";
		};
		F797E3E528D8308900144F0B /* Products */ = {
			isa = PBXGroup;
			children = (
				F797E3E428D8308900144F0B /* SwiftUI-Skills.app */,
				F797E3EA28D8308900144F0B /* SwiftUI-Skills.app */,
			);
			name = Products;
			sourceTree = "<group>";
		};
		F797E3EB28D8308900144F0B /* macOS */ = {
			isa = PBXGroup;
			children = (
				F797E3EC28D8308900144F0B /* macOS.entitlements */,
			);
			path = macOS;
			sourceTree = "<group>";
		};
/* End PBXGroup section */

/* Begin PBXNativeTarget section */
		F797E3E328D8308900144F0B /* SwiftUI-Skills (iOS) */ = {
			isa = PBXNativeTarget;
			buildConfigurationList = F797E3F528D8308900144F0B /* Build configuration list for PBXNativeTarget "SwiftUI-Skills (iOS)" */;
			buildPhases = (
				F797E3E028D8308900144F0B /* Sources */,
				F797E3E128D8308900144F0B /* Frameworks */,
				F797E3E228D8308900144F0B /* Resources */,
			);
			buildRules = (
			);
			dependencies = (
			);
			name = "SwiftUI-Skills (iOS)";
			productName = "SwiftUI-Skills (iOS)";
			productReference = F797E3E428D8308900144F0B /* SwiftUI-Skills.app */;
			productType = "com.apple.product-type.application";
		};
		F797E3E928D8308900144F0B /* SwiftUI-Skills (macOS) */ = {
			isa = PBXNativeTarget;
			buildConfigurationList = F797E3F828D8308900144F0B /* Build configuration list for PBXNativeTarget "SwiftUI-Skills (macOS)" */;
			buildPhases = (
				F797E3E628D8308900144F0B /* Sources */,
				F797E3E728D8308900144F0B /* Frameworks */,
				F797E3E828D8308900144F0B /* Resources */,
			);
			buildRules = (
			);
			dependencies = (
			);
			name = "SwiftUI-Skills (macOS)";
			productName = "SwiftUI-Skills (macOS)";
			productReference = F797E3EA28D8308900144F0B /* SwiftUI-Skills.app */;
			productType = "com.apple.product-type.application";
		};
/* End PBXNativeTarget section */

/* Begin PBXProject section */
		F797E3D828D8308800144F0B /* Project object */ = {
			isa = PBXProject;
			attributes = {
				BuildIndependentTargetsInParallel = 1;
				LastSwiftUpdateCheck = 1340;
				LastUpgradeCheck = 1340;
				TargetAttributes = {
					F797E3E328D8308900144F0B = {
						CreatedOnToolsVersion = 13.4.1;
					};
					F797E3E928D8308900144F0B = {
						CreatedOnToolsVersion = 13.4.1;
					};
				};
			};
			buildConfigurationList = F797E3DB28D8308800144F0B /* Build configuration list for PBXProject "SwiftUI-Skills" */;
			compatibilityVersion = "Xcode 13.0";
			developmentRegion = en;
			hasScannedForEncodings = 0;
			knownRegions = (
				en,
				Base,
			);
			mainGroup = F797E3D728D8308800144F0B;
			productRefGroup = F797E3E528D8308900144F0B /* Products */;
			projectDirPath = "";
			projectRoot = "";
			targets = (
				F797E3E328D8308900144F0B /* SwiftUI-Skills (iOS) */,
				F797E3E928D8308900144F0B /* SwiftUI-Skills (macOS) */,
			);
		};
/* End PBXProject section */

/* Begin PBXResourcesBuildPhase section */
		F797E3E228D8308900144F0B /* Resources */ = {
			isa = PBXResourcesBuildPhase;
			buildActionMask = 2147483647;
			files = (
				F797E3F128D8308900144F0B /* Assets.xcassets in Resources */,
			);
			runOnlyForDeploymentPostprocessing = 0;
		};
		F797E3E828D8308900144F0B /* Resources */ = {
			isa = PBXResourcesBuildPhase;
			buildActionMask = 2147483647;
			files = (
				F797E3F228D8308900144F0B /* Assets.xcassets in Resources */,
			);
			runOnlyForDeploymentPostprocessing = 0;
		};
/* End PBXResourcesBuildPhase section */

/* Begin PBXSourcesBuildPhase section */
		F797E3E028D8308900144F0B /* Sources */ = {
			isa = PBXSourcesBuildPhase;
			buildActionMask = 2147483647;
			files = (
				F7C9C6BC28F3F9F0008D76BB /* RotationGestureBootcamp.swift in Sources */,
				F7D969DF2903810E0073A9D7 /* HapticsBootcamp.swift in Sources */,
				F7D969CC29036C010073A9D7 /* MaskBootcamp.swift in Sources */,
				F7D969BB28F4F22A0073A9D7 /* MultipleSheetBootcamp.swift in Sources */,
				F797E3EF28D8308900144F0B /* ContentView.swift in Sources */,
				F797E3ED28D8308900144F0B /* SwiftUI_SkillsApp.swift in Sources */,
				F7D969B828F478C60073A9D7 /* GeometryReaderBootcamp.swift in Sources */,
				F7C9C6C228F4099D008D76BB /* DragGestureBootcamp2.swift in Sources */,
				F74D087728D832810031BF5D /* LongPressGestureBootcamp.swift in Sources */,
				F7C9C6BF28F3FC2E008D76BB /* DragGestureBootcamp.swift in Sources */,
				F7C9C6C528F46ECB008D76BB /* ScrollViewReaderBootcamp.swift in Sources */,
				F7D969C92900D9EC0073A9D7 /* Placeholder.swift in Sources */,
			);
			runOnlyForDeploymentPostprocessing = 0;
		};
		F797E3E628D8308900144F0B /* Sources */ = {
			isa = PBXSourcesBuildPhase;
			buildActionMask = 2147483647;
			files = (
				F7C9C6BD28F3F9F0008D76BB /* RotationGestureBootcamp.swift in Sources */,
				F7D969E02903810E0073A9D7 /* HapticsBootcamp.swift in Sources */,
				F7D969CD29036C010073A9D7 /* MaskBootcamp.swift in Sources */,
				F7D969BC28F4F22A0073A9D7 /* MultipleSheetBootcamp.swift in Sources */,
				F797E3F028D8308900144F0B /* ContentView.swift in Sources */,
				F797E3EE28D8308900144F0B /* SwiftUI_SkillsApp.swift in Sources */,
				F7D969B928F478C60073A9D7 /* GeometryReaderBootcamp.swift in Sources */,
				F7C9C6C328F4099D008D76BB /* DragGestureBootcamp2.swift in Sources */,
				F74D087828D832810031BF5D /* LongPressGestureBootcamp.swift in Sources */,
				F7C9C6C028F3FC2E008D76BB /* DragGestureBootcamp.swift in Sources */,
				F7C9C6C628F46ECB008D76BB /* ScrollViewReaderBootcamp.swift in Sources */,
				F7D969CA2900D9EC0073A9D7 /* Placeholder.swift in Sources */,
			);
			runOnlyForDeploymentPostprocessing = 0;
		};
/* End PBXSourcesBuildPhase section */

/* Begin XCBuildConfiguration section */
		F797E3F328D8308900144F0B /* Debug */ = {
			isa = XCBuildConfiguration;
			buildSettings = {
				ALWAYS_SEARCH_USER_PATHS = NO;
				CLANG_ANALYZER_NONNULL = YES;
				CLANG_ANALYZER_NUMBER_OBJECT_CONVERSION = YES_AGGRESSIVE;
				CLANG_CXX_LANGUAGE_STANDARD = "gnu++17";
				CLANG_ENABLE_MODULES = YES;
				CLANG_ENABLE_OBJC_ARC = YES;
				CLANG_ENABLE_OBJC_WEAK = YES;
				CLANG_WARN_BLOCK_CAPTURE_AUTORELEASING = YES;
				CLANG_WARN_BOOL_CONVERSION = YES;
				CLANG_WARN_COMMA = YES;
				CLANG_WARN_CONSTANT_CONVERSION = YES;
				CLANG_WARN_DEPRECATED_OBJC_IMPLEMENTATIONS = YES;
				CLANG_WARN_DIRECT_OBJC_ISA_USAGE = YES_ERROR;
				CLANG_WARN_DOCUMENTATION_COMMENTS = YES;
				CLANG_WARN_EMPTY_BODY = YES;
				CLANG_WARN_ENUM_CONVERSION = YES;
				CLANG_WARN_INFINITE_RECURSION = YES;
				CLANG_WARN_INT_CONVERSION = YES;
				CLANG_WARN_NON_LITERAL_NULL_CONVERSION = YES;
				CLANG_WARN_OBJC_IMPLICIT_RETAIN_SELF = YES;
				CLANG_WARN_OBJC_LITERAL_CONVERSION = YES;
				CLANG_WARN_OBJC_ROOT_CLASS = YES_ERROR;
				CLANG_WARN_QUOTED_INCLUDE_IN_FRAMEWORK_HEADER = YES;
				CLANG_WARN_RANGE_LOOP_ANALYSIS = YES;
				CLANG_WARN_STRICT_PROTOTYPES = YES;
				CLANG_WARN_SUSPICIOUS_MOVE = YES;
				CLANG_WARN_UNGUARDED_AVAILABILITY = YES_AGGRESSIVE;
				CLANG_WARN_UNREACHABLE_CODE = YES;
				CLANG_WARN__DUPLICATE_METHOD_MATCH = YES;
				COPY_PHASE_STRIP = NO;
				DEBUG_INFORMATION_FORMAT = dwarf;
				ENABLE_STRICT_OBJC_MSGSEND = YES;
				ENABLE_TESTABILITY = YES;
				GCC_C_LANGUAGE_STANDARD = gnu11;
				GCC_DYNAMIC_NO_PIC = NO;
				GCC_NO_COMMON_BLOCKS = YES;
				GCC_OPTIMIZATION_LEVEL = 0;
				GCC_PREPROCESSOR_DEFINITIONS = (
					"DEBUG=1",
					"$(inherited)",
				);
				GCC_WARN_64_TO_32_BIT_CONVERSION = YES;
				GCC_WARN_ABOUT_RETURN_TYPE = YES_ERROR;
				GCC_WARN_UNDECLARED_SELECTOR = YES;
				GCC_WARN_UNINITIALIZED_AUTOS = YES_AGGRESSIVE;
				GCC_WARN_UNUSED_FUNCTION = YES;
				GCC_WARN_UNUSED_VARIABLE = YES;
				MTL_ENABLE_DEBUG_INFO = INCLUDE_SOURCE;
				MTL_FAST_MATH = YES;
				ONLY_ACTIVE_ARCH = YES;
				SWIFT_ACTIVE_COMPILATION_CONDITIONS = DEBUG;
				SWIFT_OPTIMIZATION_LEVEL = "-Onone";
			};
			name = Debug;
		};
		F797E3F428D8308900144F0B /* Release */ = {
			isa = XCBuildConfiguration;
			buildSettings = {
				ALWAYS_SEARCH_USER_PATHS = NO;
				CLANG_ANALYZER_NONNULL = YES;
				CLANG_ANALYZER_NUMBER_OBJECT_CONVERSION = YES_AGGRESSIVE;
				CLANG_CXX_LANGUAGE_STANDARD = "gnu++17";
				CLANG_ENABLE_MODULES = YES;
				CLANG_ENABLE_OBJC_ARC = YES;
				CLANG_ENABLE_OBJC_WEAK = YES;
				CLANG_WARN_BLOCK_CAPTURE_AUTORELEASING = YES;
				CLANG_WARN_BOOL_CONVERSION = YES;
				CLANG_WARN_COMMA = YES;
				CLANG_WARN_CONSTANT_CONVERSION = YES;
				CLANG_WARN_DEPRECATED_OBJC_IMPLEMENTATIONS = YES;
				CLANG_WARN_DIRECT_OBJC_ISA_USAGE = YES_ERROR;
				CLANG_WARN_DOCUMENTATION_COMMENTS = YES;
				CLANG_WARN_EMPTY_BODY = YES;
				CLANG_WARN_ENUM_CONVERSION = YES;
				CLANG_WARN_INFINITE_RECURSION = YES;
				CLANG_WARN_INT_CONVERSION = YES;
				CLANG_WARN_NON_LITERAL_NULL_CONVERSION = YES;
				CLANG_WARN_OBJC_IMPLICIT_RETAIN_SELF = YES;
				CLANG_WARN_OBJC_LITERAL_CONVERSION = YES;
				CLANG_WARN_OBJC_ROOT_CLASS = YES_ERROR;
				CLANG_WARN_QUOTED_INCLUDE_IN_FRAMEWORK_HEADER = YES;
				CLANG_WARN_RANGE_LOOP_ANALYSIS = YES;
				CLANG_WARN_STRICT_PROTOTYPES = YES;
				CLANG_WARN_SUSPICIOUS_MOVE = YES;
				CLANG_WARN_UNGUARDED_AVAILABILITY = YES_AGGRESSIVE;
				CLANG_WARN_UNREACHABLE_CODE = YES;
				CLANG_WARN__DUPLICATE_METHOD_MATCH = YES;
				COPY_PHASE_STRIP = NO;
				DEBUG_INFORMATION_FORMAT = "dwarf-with-dsym";
				ENABLE_NS_ASSERTIONS = NO;
				ENABLE_STRICT_OBJC_MSGSEND = YES;
				GCC_C_LANGUAGE_STANDARD = gnu11;
				GCC_NO_COMMON_BLOCKS = YES;
				GCC_WARN_64_TO_32_BIT_CONVERSION = YES;
				GCC_WARN_ABOUT_RETURN_TYPE = YES_ERROR;
				GCC_WARN_UNDECLARED_SELECTOR = YES;
				GCC_WARN_UNINITIALIZED_AUTOS = YES_AGGRESSIVE;
				GCC_WARN_UNUSED_FUNCTION = YES;
				GCC_WARN_UNUSED_VARIABLE = YES;
				MTL_ENABLE_DEBUG_INFO = NO;
				MTL_FAST_MATH = YES;
				SWIFT_COMPILATION_MODE = wholemodule;
				SWIFT_OPTIMIZATION_LEVEL = "-O";
			};
			name = Release;
		};
		F797E3F628D8308900144F0B /* Debug */ = {
			isa = XCBuildConfiguration;
			buildSettings = {
				ASSETCATALOG_COMPILER_APPICON_NAME = AppIcon;
				ASSETCATALOG_COMPILER_GLOBAL_ACCENT_COLOR_NAME = AccentColor;
				CODE_SIGN_STYLE = Automatic;
				CURRENT_PROJECT_VERSION = 1;
				DEVELOPMENT_TEAM = 2UW3394MF3;
				ENABLE_PREVIEWS = YES;
				GENERATE_INFOPLIST_FILE = YES;
				INFOPLIST_KEY_UIApplicationSceneManifest_Generation = YES;
				INFOPLIST_KEY_UIApplicationSupportsIndirectInputEvents = YES;
				INFOPLIST_KEY_UILaunchScreen_Generation = YES;
				INFOPLIST_KEY_UISupportedInterfaceOrientations_iPad = "UIInterfaceOrientationPortrait UIInterfaceOrientationPortraitUpsideDown UIInterfaceOrientationLandscapeLeft UIInterfaceOrientationLandscapeRight";
				INFOPLIST_KEY_UISupportedInterfaceOrientations_iPhone = "UIInterfaceOrientationPortrait UIInterfaceOrientationLandscapeLeft UIInterfaceOrientationLandscapeRight";
				IPHONEOS_DEPLOYMENT_TARGET = 15.5;
				LD_RUNPATH_SEARCH_PATHS = (
					"$(inherited)",
					"@executable_path/Frameworks",
				);
				MARKETING_VERSION = 1.0;
				PRODUCT_BUNDLE_IDENTIFIER = "com.archive.SwiftUI-Skills";
				PRODUCT_NAME = "SwiftUI-Skills";
				SDKROOT = iphoneos;
				SWIFT_EMIT_LOC_STRINGS = YES;
				SWIFT_VERSION = 5.0;
				TARGETED_DEVICE_FAMILY = "1,2";
			};
			name = Debug;
		};
		F797E3F728D8308900144F0B /* Release */ = {
			isa = XCBuildConfiguration;
			buildSettings = {
				ASSETCATALOG_COMPILER_APPICON_NAME = AppIcon;
				ASSETCATALOG_COMPILER_GLOBAL_ACCENT_COLOR_NAME = AccentColor;
				CODE_SIGN_STYLE = Automatic;
				CURRENT_PROJECT_VERSION = 1;
				DEVELOPMENT_TEAM = 2UW3394MF3;
				ENABLE_PREVIEWS = YES;
				GENERATE_INFOPLIST_FILE = YES;
				INFOPLIST_KEY_UIApplicationSceneManifest_Generation = YES;
				INFOPLIST_KEY_UIApplicationSupportsIndirectInputEvents = YES;
				INFOPLIST_KEY_UILaunchScreen_Generation = YES;
				INFOPLIST_KEY_UISupportedInterfaceOrientations_iPad = "UIInterfaceOrientationPortrait UIInterfaceOrientationPortraitUpsideDown UIInterfaceOrientationLandscapeLeft UIInterfaceOrientationLandscapeRight";
				INFOPLIST_KEY_UISupportedInterfaceOrientations_iPhone = "UIInterfaceOrientationPortrait UIInterfaceOrientationLandscapeLeft UIInterfaceOrientationLandscapeRight";
				IPHONEOS_DEPLOYMENT_TARGET = 15.5;
				LD_RUNPATH_SEARCH_PATHS = (
					"$(inherited)",
					"@executable_path/Frameworks",
				);
				MARKETING_VERSION = 1.0;
				PRODUCT_BUNDLE_IDENTIFIER = "com.archive.SwiftUI-Skills";
				PRODUCT_NAME = "SwiftUI-Skills";
				SDKROOT = iphoneos;
				SWIFT_EMIT_LOC_STRINGS = YES;
				SWIFT_VERSION = 5.0;
				TARGETED_DEVICE_FAMILY = "1,2";
				VALIDATE_PRODUCT = YES;
			};
			name = Release;
		};
		F797E3F928D8308900144F0B /* Debug */ = {
			isa = XCBuildConfiguration;
			buildSettings = {
				ASSETCATALOG_COMPILER_APPICON_NAME = AppIcon;
				ASSETCATALOG_COMPILER_GLOBAL_ACCENT_COLOR_NAME = AccentColor;
				CODE_SIGN_ENTITLEMENTS = macOS/macOS.entitlements;
				CODE_SIGN_STYLE = Automatic;
				COMBINE_HIDPI_IMAGES = YES;
				CURRENT_PROJECT_VERSION = 1;
				DEVELOPMENT_TEAM = 2UW3394MF3;
				ENABLE_HARDENED_RUNTIME = YES;
				ENABLE_PREVIEWS = YES;
				GENERATE_INFOPLIST_FILE = YES;
				INFOPLIST_KEY_NSHumanReadableCopyright = "";
				LD_RUNPATH_SEARCH_PATHS = (
					"$(inherited)",
					"@executable_path/../Frameworks",
				);
				MACOSX_DEPLOYMENT_TARGET = 12.1;
				MARKETING_VERSION = 1.0;
				PRODUCT_BUNDLE_IDENTIFIER = "com.archive.SwiftUI-Skills";
				PRODUCT_NAME = "SwiftUI-Skills";
				SDKROOT = macosx;
				SWIFT_EMIT_LOC_STRINGS = YES;
				SWIFT_VERSION = 5.0;
			};
			name = Debug;
		};
		F797E3FA28D8308900144F0B /* Release */ = {
			isa = XCBuildConfiguration;
			buildSettings = {
				ASSETCATALOG_COMPILER_APPICON_NAME = AppIcon;
				ASSETCATALOG_COMPILER_GLOBAL_ACCENT_COLOR_NAME = AccentColor;
				CODE_SIGN_ENTITLEMENTS = macOS/macOS.entitlements;
				CODE_SIGN_STYLE = Automatic;
				COMBINE_HIDPI_IMAGES = YES;
				CURRENT_PROJECT_VERSION = 1;
				DEVELOPMENT_TEAM = 2UW3394MF3;
				ENABLE_HARDENED_RUNTIME = YES;
				ENABLE_PREVIEWS = YES;
				GENERATE_INFOPLIST_FILE = YES;
				INFOPLIST_KEY_NSHumanReadableCopyright = "";
				LD_RUNPATH_SEARCH_PATHS = (
					"$(inherited)",
					"@executable_path/../Frameworks",
				);
				MACOSX_DEPLOYMENT_TARGET = 12.1;
				MARKETING_VERSION = 1.0;
				PRODUCT_BUNDLE_IDENTIFIER = "com.archive.SwiftUI-Skills";
				PRODUCT_NAME = "SwiftUI-Skills";
				SDKROOT = macosx;
				SWIFT_EMIT_LOC_STRINGS = YES;
				SWIFT_VERSION = 5.0;
			};
			name = Release;
		};
/* End XCBuildConfiguration section */

/* Begin XCConfigurationList section */
		F797E3DB28D8308800144F0B /* Build configuration list for PBXProject "SwiftUI-Skills" */ = {
			isa = XCConfigurationList;
			buildConfigurations = (
				F797E3F328D8308900144F0B /* Debug */,
				F797E3F428D8308900144F0B /* Release */,
			);
			defaultConfigurationIsVisible = 0;
			defaultConfigurationName = Release;
		};
		F797E3F528D8308900144F0B /* Build configuration list for PBXNativeTarget "SwiftUI-Skills (iOS)" */ = {
			isa = XCConfigurationList;
			buildConfigurations = (
				F797E3F628D8308900144F0B /* Debug */,
				F797E3F728D8308900144F0B /* Release */,
			);
			defaultConfigurationIsVisible = 0;
			defaultConfigurationName = Release;
		};
		F797E3F828D8308900144F0B /* Build configuration list for PBXNativeTarget "SwiftUI-Skills (macOS)" */ = {
			isa = XCConfigurationList;
			buildConfigurations = (
				F797E3F928D8308900144F0B /* Debug */,
				F797E3FA28D8308900144F0B /* Release */,
			);
			defaultConfigurationIsVisible = 0;
			defaultConfigurationName = Release;
		};
/* End XCConfigurationList section */
	};
	rootObject = F797E3D828D8308800144F0B /* Project object */;
}
